
Microsoft Visual Studio Solution File, Format Version 12.00
# Visual Studio Version 17
VisualStudioVersion = 17.0.31919.166
MinimumVisualStudioVersion = 10.0.40219.1
Project("{9A19103F-16F7-4668-BE54-9A1E7A4F7556}") = "api", "api\api.csproj", "{9B87D683-02A5-4CAD-8F0A-E74C77F82A12}"
EndProject
Project("{FAE04EC0-301F-11D3-BF4B-00C04F79EFBC}") = "ichijiku", "ichijiku\ichijiku.csproj", "{99CA77B6-ACAF-470B-B407-CF85A16107A1}"
EndProject
Global
	GlobalSection(SolutionConfigurationPlatforms) = preSolution
		Debug|Any CPU = Debug|Any CPU
		Release|Any CPU = Release|Any CPU
	EndGlobalSection
	GlobalSection(ProjectConfigurationPlatforms) = postSolution
		{9B87D683-02A5-4CAD-8F0A-E74C77F82A12}.Debug|Any CPU.ActiveCfg = Debug|Any CPU
		{9B87D683-02A5-4CAD-8F0A-E74C77F82A12}.Debug|Any CPU.Build.0 = Debug|Any CPU
		{9B87D683-02A5-4CAD-8F0A-E74C77F82A12}.Release|Any CPU.ActiveCfg = Release|Any CPU
		{9B87D683-02A5-4CAD-8F0A-E74C77F82A12}.Release|Any CPU.Build.0 = Release|Any CPU
		{99CA77B6-ACAF-470B-B407-CF85A16107A1}.Debug|Any CPU.ActiveCfg = Debug|Any CPU
		{99CA77B6-ACAF-470B-B407-CF85A16107A1}.Debug|Any CPU.Build.0 = Debug|Any CPU
		{99CA77B6-ACAF-470B-B407-CF85A16107A1}.Release|Any CPU.ActiveCfg = Release|Any CPU
		{99CA77B6-ACAF-470B-B407-CF85A16107A1}.Release|Any CPU.Build.0 = Release|Any CPU
	EndGlobalSection
	GlobalSection(SolutionProperties) = preSolution
		HideSolutionNode = FALSE
	EndGlobalSection
	GlobalSection(ExtensibilityGlobals) = postSolution
		SolutionGuid = {59E4503E-37C6-4F39-9DDC-DC48B5543025}
	EndGlobalSection
EndGlobal
